
Microsoft Visual Studio Solution File, Format Version 12.00
# Visual Studio Version 17
VisualStudioVersion = 17.5.33502.453
MinimumVisualStudioVersion = 10.0.40219.1
Project("{FAE04EC0-301F-11D3-BF4B-00C04F79EFBC}") = "Lab1_Estructura2", "Lab1_Estructura2.csproj", "{38044100-7CFF-424B-AA0E-4E9AE43EB174}"
EndProject
Global
	GlobalSection(SolutionConfigurationPlatforms) = preSolution
		Debug|Any CPU = Debug|Any CPU
		Release|Any CPU = Release|Any CPU
	EndGlobalSection
	GlobalSection(ProjectConfigurationPlatforms) = postSolution
		{38044100-7CFF-424B-AA0E-4E9AE43EB174}.Debug|Any CPU.ActiveCfg = Debug|Any CPU
		{38044100-7CFF-424B-AA0E-4E9AE43EB174}.Debug|Any CPU.Build.0 = Debug|Any CPU
		{38044100-7CFF-424B-AA0E-4E9AE43EB174}.Release|Any CPU.ActiveCfg = Release|Any CPU
		{38044100-7CFF-424B-AA0E-4E9AE43EB174}.Release|Any CPU.Build.0 = Release|Any CPU
	EndGlobalSection
	GlobalSection(SolutionProperties) = preSolution
		HideSolutionNode = FALSE
	EndGlobalSection
	GlobalSection(ExtensibilityGlobals) = postSolution
		SolutionGuid = {B9DDD19E-C32B-4CE0-BCB5-1AAB7C7478DD}
	EndGlobalSection
EndGlobal
